
Microsoft Visual Studio Solution File, Format Version 12.00
# Visual Studio 15
VisualStudioVersion = 15.0.28307.329
MinimumVisualStudioVersion = 10.0.40219.1
Project("{FAE04EC0-301F-11D3-BF4B-00C04F79EFBC}") = "App01_ConsultarCEP.Android", "App01_ConsultarCEP\App01_ConsultarCEP.Android\App01_ConsultarCEP.Android.csproj", "{C606E72B-9815-4700-A383-2FD5AB584706}"
EndProject
Project("{FAE04EC0-301F-11D3-BF4B-00C04F79EFBC}") = "App01_ConsultarCEP.iOS", "App01_ConsultarCEP\App01_ConsultarCEP.iOS\App01_ConsultarCEP.iOS.csproj", "{715F12BB-5E60-4D8B-ACA2-6DFE5E47D020}"
EndProject
Project("{FAE04EC0-301F-11D3-BF4B-00C04F79EFBC}") = "App01_ConsultarCEP.UWP", "App01_ConsultarCEP\App01_ConsultarCEP.UWP\App01_ConsultarCEP.UWP.csproj", "{8584633E-D993-462F-959C-7C5DCFCF36F9}"
EndProject
Project("{FAE04EC0-301F-11D3-BF4B-00C04F79EFBC}") = "App01_ConsultarCEP", "App01_ConsultarCEP\App01_ConsultarCEP\App01_ConsultarCEP.csproj", "{EE80DA4F-937C-4C82-82F1-51F949809628}"
EndProject
Global
	GlobalSection(SolutionConfigurationPlatforms) = preSolution
		Ad-Hoc|Any CPU = Ad-Hoc|Any CPU
		Ad-Hoc|ARM = Ad-Hoc|ARM
		Ad-Hoc|iPhone = Ad-Hoc|iPhone
		Ad-Hoc|iPhoneSimulator = Ad-Hoc|iPhoneSimulator
		Ad-Hoc|x64 = Ad-Hoc|x64
		Ad-Hoc|x86 = Ad-Hoc|x86
		AppStore|Any CPU = AppStore|Any CPU
		AppStore|ARM = AppStore|ARM
		AppStore|iPhone = AppStore|iPhone
		AppStore|iPhoneSimulator = AppStore|iPhoneSimulator
		AppStore|x64 = AppStore|x64
		AppStore|x86 = AppStore|x86
		Debug|Any CPU = Debug|Any CPU
		Debug|ARM = Debug|ARM
		Debug|iPhone = Debug|iPhone
		Debug|iPhoneSimulator = Debug|iPhoneSimulator
		Debug|x64 = Debug|x64
		Debug|x86 = Debug|x86
		Release|Any CPU = Release|Any CPU
		Release|ARM = Release|ARM
		Release|iPhone = Release|iPhone
		Release|iPhoneSimulator = Release|iPhoneSimulator
		Release|x64 = Release|x64
		Release|x86 = Release|x86
	EndGlobalSection
	GlobalSection(ProjectConfigurationPlatforms) = postSolution
		{C606E72B-9815-4700-A383-2FD5AB584706}.Ad-Hoc|Any CPU.ActiveCfg = Release|Any CPU
		{C606E72B-9815-4700-A383-2FD5AB584706}.Ad-Hoc|Any CPU.Build.0 = Release|Any CPU
		{C606E72B-9815-4700-A383-2FD5AB584706}.Ad-Hoc|Any CPU.Deploy.0 = Release|Any CPU
		{C606E72B-9815-4700-A383-2FD5AB584706}.Ad-Hoc|ARM.ActiveCfg = Release|Any CPU
		{C606E72B-9815-4700-A383-2FD5AB584706}.Ad-Hoc|ARM.Build.0 = Release|Any CPU
		{C606E72B-9815-4700-A383-2FD5AB584706}.Ad-Hoc|ARM.Deploy.0 = Release|Any CPU
		{C606E72B-9815-4700-A383-2FD5AB584706}.Ad-Hoc|iPhone.ActiveCfg = Release|Any CPU
		{C606E72B-9815-4700-A383-2FD5AB584706}.Ad-Hoc|iPhone.Build.0 = Release|Any CPU
		{C606E72B-9815-4700-A383-2FD5AB584706}.Ad-Hoc|iPhone.Deploy.0 = Release|Any CPU
		{C606E72B-9815-4700-A383-2FD5AB584706}.Ad-Hoc|iPhoneSimulator.ActiveCfg = Release|Any CPU
		{C606E72B-9815-4700-A383-2FD5AB584706}.Ad-Hoc|iPhoneSimulator.Build.0 = Release|Any CPU
		{C606E72B-9815-4700-A383-2FD5AB584706}.Ad-Hoc|iPhoneSimulator.Deploy.0 = Release|Any CPU
		{C606E72B-9815-4700-A383-2FD5AB584706}.Ad-Hoc|x64.ActiveCfg = Release|Any CPU
		{C606E72B-9815-4700-A383-2FD5AB584706}.Ad-Hoc|x64.Build.0 = Release|Any CPU
		{C606E72B-9815-4700-A383-2FD5AB584706}.Ad-Hoc|x64.Deploy.0 = Release|Any CPU
		{C606E72B-9815-4700-A383-2FD5AB584706}.Ad-Hoc|x86.ActiveCfg = Release|Any CPU
		{C606E72B-9815-4700-A383-2FD5AB584706}.Ad-Hoc|x86.Build.0 = Release|Any CPU
		{C606E72B-9815-4700-A383-2FD5AB584706}.Ad-Hoc|x86.Deploy.0 = Release|Any CPU
		{C606E72B-9815-4700-A383-2FD5AB584706}.AppStore|Any CPU.ActiveCfg = Release|Any CPU
		{C606E72B-9815-4700-A383-2FD5AB584706}.AppStore|Any CPU.Build.0 = Release|Any CPU
		{C606E72B-9815-4700-A383-2FD5AB584706}.AppStore|Any CPU.Deploy.0 = Release|Any CPU
		{C606E72B-9815-4700-A383-2FD5AB584706}.AppStore|ARM.ActiveCfg = Release|Any CPU
		{C606E72B-9815-4700-A383-2FD5AB584706}.AppStore|ARM.Build.0 = Release|Any CPU
		{C606E72B-9815-4700-A383-2FD5AB584706}.AppStore|ARM.Deploy.0 = Release|Any CPU
		{C606E72B-9815-4700-A383-2FD5AB584706}.AppStore|iPhone.ActiveCfg = Release|Any CPU
		{C606E72B-9815-4700-A383-2FD5AB584706}.AppStore|iPhone.Build.0 = Release|Any CPU
		{C606E72B-9815-4700-A383-2FD5AB584706}.AppStore|iPhone.Deploy.0 = Release|Any CPU
		{C606E72B-9815-4700-A383-2FD5AB584706}.AppStore|iPhoneSimulator.ActiveCfg = Release|Any CPU
		{C606E72B-9815-4700-A383-2FD5AB584706}.AppStore|iPhoneSimulator.Build.0 = Release|Any CPU
		{C606E72B-9815-4700-A383-2FD5AB584706}.AppStore|iPhoneSimulator.Deploy.0 = Release|Any CPU
		{C606E72B-9815-4700-A383-2FD5AB584706}.AppStore|x64.ActiveCfg = Release|Any CPU
		{C606E72B-9815-4700-A383-2FD5AB584706}.AppStore|x64.Build.0 = Release|Any CPU
		{C606E72B-9815-4700-A383-2FD5AB584706}.AppStore|x64.Deploy.0 = Release|Any CPU
		{C606E72B-9815-4700-A383-2FD5AB584706}.AppStore|x86.ActiveCfg = Release|Any CPU
		{C606E72B-9815-4700-A383-2FD5AB584706}.AppStore|x86.Build.0 = Release|Any CPU
		{C606E72B-9815-4700-A383-2FD5AB584706}.AppStore|x86.Deploy.0 = Release|Any CPU
		{C606E72B-9815-4700-A383-2FD5AB584706}.Debug|Any CPU.ActiveCfg = Debug|Any CPU
		{C606E72B-9815-4700-A383-2FD5AB584706}.Debug|Any CPU.Build.0 = Debug|Any CPU
		{C606E72B-9815-4700-A383-2FD5AB584706}.Debug|Any CPU.Deploy.0 = Debug|Any CPU
		{C606E72B-9815-4700-A383-2FD5AB584706}.Debug|ARM.ActiveCfg = Debug|Any CPU
		{C606E72B-9815-4700-A383-2FD5AB584706}.Debug|ARM.Build.0 = Debug|Any CPU
		{C606E72B-9815-4700-A383-2FD5AB584706}.Debug|ARM.Deploy.0 = Debug|Any CPU
		{C606E72B-9815-4700-A383-2FD5AB584706}.Debug|iPhone.ActiveCfg = Debug|Any CPU
		{C606E72B-9815-4700-A383-2FD5AB584706}.Debug|iPhone.Build.0 = Debug|Any CPU
		{C606E72B-9815-4700-A383-2FD5AB584706}.Debug|iPhone.Deploy.0 = Debug|Any CPU
		{C606E72B-9815-4700-A383-2FD5AB584706}.Debug|iPhoneSimulator.ActiveCfg = Debug|Any CPU
		{C606E72B-9815-4700-A383-2FD5AB584706}.Debug|iPhoneSimulator.Build.0 = Debug|Any CPU
		{C606E72B-9815-4700-A383-2FD5AB584706}.Debug|iPhoneSimulator.Deploy.0 = Debug|Any CPU
		{C606E72B-9815-4700-A383-2FD5AB584706}.Debug|x64.ActiveCfg = Debug|Any CPU
		{C606E72B-9815-4700-A383-2FD5AB584706}.Debug|x64.Build.0 = Debug|Any CPU
		{C606E72B-9815-4700-A383-2FD5AB584706}.Debug|x64.Deploy.0 = Debug|Any CPU
		{C606E72B-9815-4700-A383-2FD5AB584706}.Debug|x86.ActiveCfg = Debug|Any CPU
		{C606E72B-9815-4700-A383-2FD5AB584706}.Debug|x86.Build.0 = Debug|Any CPU
		{C606E72B-9815-4700-A383-2FD5AB584706}.Debug|x86.Deploy.0 = Debug|Any CPU
		{C606E72B-9815-4700-A383-2FD5AB584706}.Release|Any CPU.ActiveCfg = Release|Any CPU
		{C606E72B-9815-4700-A383-2FD5AB584706}.Release|Any CPU.Build.0 = Release|Any CPU
		{C606E72B-9815-4700-A383-2FD5AB584706}.Release|Any CPU.Deploy.0 = Release|Any CPU
		{C606E72B-9815-4700-A383-2FD5AB584706}.Release|ARM.ActiveCfg = Release|Any CPU
		{C606E72B-9815-4700-A383-2FD5AB584706}.Release|ARM.Build.0 = Release|Any CPU
		{C606E72B-9815-4700-A383-2FD5AB584706}.Release|ARM.Deploy.0 = Release|Any CPU
		{C606E72B-9815-4700-A383-2FD5AB584706}.Release|iPhone.ActiveCfg = Release|Any CPU
		{C606E72B-9815-4700-A383-2FD5AB584706}.Release|iPhone.Build.0 = Release|Any CPU
		{C606E72B-9815-4700-A383-2FD5AB584706}.Release|iPhone.Deploy.0 = Release|Any CPU
		{C606E72B-9815-4700-A383-2FD5AB584706}.Release|iPhoneSimulator.ActiveCfg = Release|Any CPU
		{C606E72B-9815-4700-A383-2FD5AB584706}.Release|iPhoneSimulator.Build.0 = Release|Any CPU
		{C606E72B-9815-4700-A383-2FD5AB584706}.Release|iPhoneSimulator.Deploy.0 = Release|Any CPU
		{C606E72B-9815-4700-A383-2FD5AB584706}.Release|x64.ActiveCfg = Release|Any CPU
		{C606E72B-9815-4700-A383-2FD5AB584706}.Release|x64.Build.0 = Release|Any CPU
		{C606E72B-9815-4700-A383-2FD5AB584706}.Release|x64.Deploy.0 = Release|Any CPU
		{C606E72B-9815-4700-A383-2FD5AB584706}.Release|x86.ActiveCfg = Release|Any CPU
		{C606E72B-9815-4700-A383-2FD5AB584706}.Release|x86.Build.0 = Release|Any CPU
		{C606E72B-9815-4700-A383-2FD5AB584706}.Release|x86.Deploy.0 = Release|Any CPU
		{715F12BB-5E60-4D8B-ACA2-6DFE5E47D020}.Ad-Hoc|Any CPU.ActiveCfg = Ad-Hoc|iPhone
		{715F12BB-5E60-4D8B-ACA2-6DFE5E47D020}.Ad-Hoc|Any CPU.Build.0 = Ad-Hoc|iPhone
		{715F12BB-5E60-4D8B-ACA2-6DFE5E47D020}.Ad-Hoc|Any CPU.Deploy.0 = Ad-Hoc|iPhone
		{715F12BB-5E60-4D8B-ACA2-6DFE5E47D020}.Ad-Hoc|ARM.ActiveCfg = Ad-Hoc|iPhone
		{715F12BB-5E60-4D8B-ACA2-6DFE5E47D020}.Ad-Hoc|ARM.Build.0 = Ad-Hoc|iPhone
		{715F12BB-5E60-4D8B-ACA2-6DFE5E47D020}.Ad-Hoc|ARM.Deploy.0 = Ad-Hoc|iPhone
		{715F12BB-5E60-4D8B-ACA2-6DFE5E47D020}.Ad-Hoc|iPhone.ActiveCfg = Ad-Hoc|iPhone
		{715F12BB-5E60-4D8B-ACA2-6DFE5E47D020}.Ad-Hoc|iPhone.Build.0 = Ad-Hoc|iPhone
		{715F12BB-5E60-4D8B-ACA2-6DFE5E47D020}.Ad-Hoc|iPhone.Deploy.0 = Ad-Hoc|iPhone
		{715F12BB-5E60-4D8B-ACA2-6DFE5E47D020}.Ad-Hoc|iPhoneSimulator.ActiveCfg = Ad-Hoc|iPhoneSimulator
		{715F12BB-5E60-4D8B-ACA2-6DFE5E47D020}.Ad-Hoc|iPhoneSimulator.Build.0 = Ad-Hoc|iPhoneSimulator
		{715F12BB-5E60-4D8B-ACA2-6DFE5E47D020}.Ad-Hoc|iPhoneSimulator.Deploy.0 = Ad-Hoc|iPhoneSimulator
		{715F12BB-5E60-4D8B-ACA2-6DFE5E47D020}.Ad-Hoc|x64.ActiveCfg = Ad-Hoc|iPhone
		{715F12BB-5E60-4D8B-ACA2-6DFE5E47D020}.Ad-Hoc|x64.Build.0 = Ad-Hoc|iPhone
		{715F12BB-5E60-4D8B-ACA2-6DFE5E47D020}.Ad-Hoc|x64.Deploy.0 = Ad-Hoc|iPhone
		{715F12BB-5E60-4D8B-ACA2-6DFE5E47D020}.Ad-Hoc|x86.ActiveCfg = Ad-Hoc|iPhone
		{715F12BB-5E60-4D8B-ACA2-6DFE5E47D020}.Ad-Hoc|x86.Build.0 = Ad-Hoc|iPhone
		{715F12BB-5E60-4D8B-ACA2-6DFE5E47D020}.Ad-Hoc|x86.Deploy.0 = Ad-Hoc|iPhone
		{715F12BB-5E60-4D8B-ACA2-6DFE5E47D020}.AppStore|Any CPU.ActiveCfg = AppStore|iPhone
		{715F12BB-5E60-4D8B-ACA2-6DFE5E47D020}.AppStore|Any CPU.Build.0 = AppStore|iPhone
		{715F12BB-5E60-4D8B-ACA2-6DFE5E47D020}.AppStore|Any CPU.Deploy.0 = AppStore|iPhone
		{715F12BB-5E60-4D8B-ACA2-6DFE5E47D020}.AppStore|ARM.ActiveCfg = AppStore|iPhone
		{715F12BB-5E60-4D8B-ACA2-6DFE5E47D020}.AppStore|ARM.Build.0 = AppStore|iPhone
		{715F12BB-5E60-4D8B-ACA2-6DFE5E47D020}.AppStore|ARM.Deploy.0 = AppStore|iPhone
		{715F12BB-5E60-4D8B-ACA2-6DFE5E47D020}.AppStore|iPhone.ActiveCfg = AppStore|iPhone
		{715F12BB-5E60-4D8B-ACA2-6DFE5E47D020}.AppStore|iPhone.Build.0 = AppStore|iPhone
		{715F12BB-5E60-4D8B-ACA2-6DFE5E47D020}.AppStore|iPhone.Deploy.0 = AppStore|iPhone
		{715F12BB-5E60-4D8B-ACA2-6DFE5E47D020}.AppStore|iPhoneSimulator.ActiveCfg = AppStore|iPhoneSimulator
		{715F12BB-5E60-4D8B-ACA2-6DFE5E47D020}.AppStore|iPhoneSimulator.Build.0 = AppStore|iPhoneSimulator
		{715F12BB-5E60-4D8B-ACA2-6DFE5E47D020}.AppStore|iPhoneSimulator.Deploy.0 = AppStore|iPhoneSimulator
		{715F12BB-5E60-4D8B-ACA2-6DFE5E47D020}.AppStore|x64.ActiveCfg = AppStore|iPhone
		{715F12BB-5E60-4D8B-ACA2-6DFE5E47D020}.AppStore|x64.Build.0 = AppStore|iPhone
		{715F12BB-5E60-4D8B-ACA2-6DFE5E47D020}.AppStore|x64.Deploy.0 = AppStore|iPhone
		{715F12BB-5E60-4D8B-ACA2-6DFE5E47D020}.AppStore|x86.ActiveCfg = AppStore|iPhone
		{715F12BB-5E60-4D8B-ACA2-6DFE5E47D020}.AppStore|x86.Build.0 = AppStore|iPhone
		{715F12BB-5E60-4D8B-ACA2-6DFE5E47D020}.AppStore|x86.Deploy.0 = AppStore|iPhone
		{715F12BB-5E60-4D8B-ACA2-6DFE5E47D020}.Debug|Any CPU.ActiveCfg = Debug|iPhoneSimulator
		{715F12BB-5E60-4D8B-ACA2-6DFE5E47D020}.Debug|Any CPU.Build.0 = Debug|iPhoneSimulator
		{715F12BB-5E60-4D8B-ACA2-6DFE5E47D020}.Debug|Any CPU.Deploy.0 = Debug|iPhoneSimulator
		{715F12BB-5E60-4D8B-ACA2-6DFE5E47D020}.Debug|ARM.ActiveCfg = Debug|iPhone
		{715F12BB-5E60-4D8B-ACA2-6DFE5E47D020}.Debug|ARM.Build.0 = Debug|iPhone
		{715F12BB-5E60-4D8B-ACA2-6DFE5E47D020}.Debug|ARM.Deploy.0 = Debug|iPhone
		{715F12BB-5E60-4D8B-ACA2-6DFE5E47D020}.Debug|iPhone.ActiveCfg = Debug|iPhone
		{715F12BB-5E60-4D8B-ACA2-6DFE5E47D020}.Debug|iPhone.Build.0 = Debug|iPhone
		{715F12BB-5E60-4D8B-ACA2-6DFE5E47D020}.Debug|iPhone.Deploy.0 = Debug|iPhone
		{715F12BB-5E60-4D8B-ACA2-6DFE5E47D020}.Debug|iPhoneSimulator.ActiveCfg = Debug|iPhoneSimulator
		{715F12BB-5E60-4D8B-ACA2-6DFE5E47D020}.Debug|iPhoneSimulator.Build.0 = Debug|iPhoneSimulator
		{715F12BB-5E60-4D8B-ACA2-6DFE5E47D020}.Debug|iPhoneSimulator.Deploy.0 = Debug|iPhoneSimulator
		{715F12BB-5E60-4D8B-ACA2-6DFE5E47D020}.Debug|x64.ActiveCfg = Debug|iPhone
		{715F12BB-5E60-4D8B-ACA2-6DFE5E47D020}.Debug|x64.Build.0 = Debug|iPhone
		{715F12BB-5E60-4D8B-ACA2-6DFE5E47D020}.Debug|x64.Deploy.0 = Debug|iPhone
		{715F12BB-5E60-4D8B-ACA2-6DFE5E47D020}.Debug|x86.ActiveCfg = Debug|iPhone
		{715F12BB-5E60-4D8B-ACA2-6DFE5E47D020}.Debug|x86.Build.0 = Debug|iPhone
		{715F12BB-5E60-4D8B-ACA2-6DFE5E47D020}.Debug|x86.Deploy.0 = Debug|iPhone
		{715F12BB-5E60-4D8B-ACA2-6DFE5E47D020}.Release|Any CPU.ActiveCfg = Release|iPhone
		{715F12BB-5E60-4D8B-ACA2-6DFE5E47D020}.Release|Any CPU.Build.0 = Release|iPhone
		{715F12BB-5E60-4D8B-ACA2-6DFE5E47D020}.Release|Any CPU.Deploy.0 = Release|iPhone
		{715F12BB-5E60-4D8B-ACA2-6DFE5E47D020}.Release|ARM.ActiveCfg = Release|iPhone
		{715F12BB-5E60-4D8B-ACA2-6DFE5E47D020}.Release|ARM.Build.0 = Release|iPhone
		{715F12BB-5E60-4D8B-ACA2-6DFE5E47D020}.Release|ARM.Deploy.0 = Release|iPhone
		{715F12BB-5E60-4D8B-ACA2-6DFE5E47D020}.Release|iPhone.ActiveCfg = Release|iPhone
		{715F12BB-5E60-4D8B-ACA2-6DFE5E47D020}.Release|iPhone.Build.0 = Release|iPhone
		{715F12BB-5E60-4D8B-ACA2-6DFE5E47D020}.Release|iPhone.Deploy.0 = Release|iPhone
		{715F12BB-5E60-4D8B-ACA2-6DFE5E47D020}.Release|iPhoneSimulator.ActiveCfg = Release|iPhoneSimulator
		{715F12BB-5E60-4D8B-ACA2-6DFE5E47D020}.Release|iPhoneSimulator.Build.0 = Release|iPhoneSimulator
		{715F12BB-5E60-4D8B-ACA2-6DFE5E47D020}.Release|iPhoneSimulator.Deploy.0 = Release|iPhoneSimulator
		{715F12BB-5E60-4D8B-ACA2-6DFE5E47D020}.Release|x64.ActiveCfg = Release|iPhone
		{715F12BB-5E60-4D8B-ACA2-6DFE5E47D020}.Release|x64.Build.0 = Release|iPhone
		{715F12BB-5E60-4D8B-ACA2-6DFE5E47D020}.Release|x64.Deploy.0 = Release|iPhone
		{715F12BB-5E60-4D8B-ACA2-6DFE5E47D020}.Release|x86.ActiveCfg = Release|iPhone
		{715F12BB-5E60-4D8B-ACA2-6DFE5E47D020}.Release|x86.Build.0 = Release|iPhone
		{715F12BB-5E60-4D8B-ACA2-6DFE5E47D020}.Release|x86.Deploy.0 = Release|iPhone
		{8584633E-D993-462F-959C-7C5DCFCF36F9}.Ad-Hoc|Any CPU.ActiveCfg = Release|x86
		{8584633E-D993-462F-959C-7C5DCFCF36F9}.Ad-Hoc|Any CPU.Build.0 = Release|x86
		{8584633E-D993-462F-959C-7C5DCFCF36F9}.Ad-Hoc|Any CPU.Deploy.0 = Release|x86
		{8584633E-D993-462F-959C-7C5DCFCF36F9}.Ad-Hoc|ARM.ActiveCfg = Release|ARM
		{8584633E-D993-462F-959C-7C5DCFCF36F9}.Ad-Hoc|ARM.Build.0 = Release|ARM
		{8584633E-D993-462F-959C-7C5DCFCF36F9}.Ad-Hoc|ARM.Deploy.0 = Release|ARM
		{8584633E-D993-462F-959C-7C5DCFCF36F9}.Ad-Hoc|iPhone.ActiveCfg = Release|x86
		{8584633E-D993-462F-959C-7C5DCFCF36F9}.Ad-Hoc|iPhone.Build.0 = Release|x86
		{8584633E-D993-462F-959C-7C5DCFCF36F9}.Ad-Hoc|iPhone.Deploy.0 = Release|x86
		{8584633E-D993-462F-959C-7C5DCFCF36F9}.Ad-Hoc|iPhoneSimulator.ActiveCfg = Release|x86
		{8584633E-D993-462F-959C-7C5DCFCF36F9}.Ad-Hoc|iPhoneSimulator.Build.0 = Release|x86
		{8584633E-D993-462F-959C-7C5DCFCF36F9}.Ad-Hoc|iPhoneSimulator.Deploy.0 = Release|x86
		{8584633E-D993-462F-959C-7C5DCFCF36F9}.Ad-Hoc|x64.ActiveCfg = Release|x64
		{8584633E-D993-462F-959C-7C5DCFCF36F9}.Ad-Hoc|x64.Build.0 = Release|x64
		{8584633E-D993-462F-959C-7C5DCFCF36F9}.Ad-Hoc|x64.Deploy.0 = Release|x64
		{8584633E-D993-462F-959C-7C5DCFCF36F9}.Ad-Hoc|x86.ActiveCfg = Release|x86
		{8584633E-D993-462F-959C-7C5DCFCF36F9}.Ad-Hoc|x86.Build.0 = Release|x86
		{8584633E-D993-462F-959C-7C5DCFCF36F9}.Ad-Hoc|x86.Deploy.0 = Release|x86
		{8584633E-D993-462F-959C-7C5DCFCF36F9}.AppStore|Any CPU.ActiveCfg = Release|x86
		{8584633E-D993-462F-959C-7C5DCFCF36F9}.AppStore|Any CPU.Build.0 = Release|x86
		{8584633E-D993-462F-959C-7C5DCFCF36F9}.AppStore|Any CPU.Deploy.0 = Release|x86
		{8584633E-D993-462F-959C-7C5DCFCF36F9}.AppStore|ARM.ActiveCfg = Release|ARM
		{8584633E-D993-462F-959C-7C5DCFCF36F9}.AppStore|ARM.Build.0 = Release|ARM
		{8584633E-D993-462F-959C-7C5DCFCF36F9}.AppStore|ARM.Deploy.0 = Release|ARM
		{8584633E-D993-462F-959C-7C5DCFCF36F9}.AppStore|iPhone.ActiveCfg = Release|x86
		{8584633E-D993-462F-959C-7C5DCFCF36F9}.AppStore|iPhone.Build.0 = Release|x86
		{8584633E-D993-462F-959C-7C5DCFCF36F9}.AppStore|iPhone.Deploy.0 = Release|x86
		{8584633E-D993-462F-959C-7C5DCFCF36F9}.AppStore|iPhoneSimulator.ActiveCfg = Release|x86
		{8584633E-D993-462F-959C-7C5DCFCF36F9}.AppStore|iPhoneSimulator.Build.0 = Release|x86
		{8584633E-D993-462F-959C-7C5DCFCF36F9}.AppStore|iPhoneSimulator.Deploy.0 = Release|x86
		{8584633E-D993-462F-959C-7C5DCFCF36F9}.AppStore|x64.ActiveCfg = Release|x64
		{8584633E-D993-462F-959C-7C5DCFCF36F9}.AppStore|x64.Build.0 = Release|x64
		{8584633E-D993-462F-959C-7C5DCFCF36F9}.AppStore|x64.Deploy.0 = Release|x64
		{8584633E-D993-462F-959C-7C5DCFCF36F9}.AppStore|x86.ActiveCfg = Release|x86
		{8584633E-D993-462F-959C-7C5DCFCF36F9}.AppStore|x86.Build.0 = Release|x86
		{8584633E-D993-462F-959C-7C5DCFCF36F9}.AppStore|x86.Deploy.0 = Release|x86
		{8584633E-D993-462F-959C-7C5DCFCF36F9}.Debug|Any CPU.ActiveCfg = Debug|x86
		{8584633E-D993-462F-959C-7C5DCFCF36F9}.Debug|Any CPU.Build.0 = Debug|x86
		{8584633E-D993-462F-959C-7C5DCFCF36F9}.Debug|Any CPU.Deploy.0 = Debug|x86
		{8584633E-D993-462F-959C-7C5DCFCF36F9}.Debug|ARM.ActiveCfg = Debug|ARM
		{8584633E-D993-462F-959C-7C5DCFCF36F9}.Debug|ARM.Build.0 = Debug|ARM
		{8584633E-D993-462F-959C-7C5DCFCF36F9}.Debug|ARM.Deploy.0 = Debug|ARM
		{8584633E-D993-462F-959C-7C5DCFCF36F9}.Debug|iPhone.ActiveCfg = Debug|x86
		{8584633E-D993-462F-959C-7C5DCFCF36F9}.Debug|iPhone.Build.0 = Debug|x86
		{8584633E-D993-462F-959C-7C5DCFCF36F9}.Debug|iPhone.Deploy.0 = Debug|x86
		{8584633E-D993-462F-959C-7C5DCFCF36F9}.Debug|iPhoneSimulator.ActiveCfg = Debug|x86
		{8584633E-D993-462F-959C-7C5DCFCF36F9}.Debug|iPhoneSimulator.Build.0 = Debug|x86
		{8584633E-D993-462F-959C-7C5DCFCF36F9}.Debug|iPhoneSimulator.Deploy.0 = Debug|x86
		{8584633E-D993-462F-959C-7C5DCFCF36F9}.Debug|x64.ActiveCfg = Debug|x64
		{8584633E-D993-462F-959C-7C5DCFCF36F9}.Debug|x64.Build.0 = Debug|x64
		{8584633E-D993-462F-959C-7C5DCFCF36F9}.Debug|x64.Deploy.0 = Debug|x64
		{8584633E-D993-462F-959C-7C5DCFCF36F9}.Debug|x86.ActiveCfg = Debug|x86
		{8584633E-D993-462F-959C-7C5DCFCF36F9}.Debug|x86.Build.0 = Debug|x86
		{8584633E-D993-462F-959C-7C5DCFCF36F9}.Debug|x86.Deploy.0 = Debug|x86
		{8584633E-D993-462F-959C-7C5DCFCF36F9}.Release|Any CPU.ActiveCfg = Release|x86
		{8584633E-D993-462F-959C-7C5DCFCF36F9}.Release|Any CPU.Build.0 = Release|x86
		{8584633E-D993-462F-959C-7C5DCFCF36F9}.Release|Any CPU.Deploy.0 = Release|x86
		{8584633E-D993-462F-959C-7C5DCFCF36F9}.Release|ARM.ActiveCfg = Release|ARM
		{8584633E-D993-462F-959C-7C5DCFCF36F9}.Release|ARM.Build.0 = Release|ARM
		{8584633E-D993-462F-959C-7C5DCFCF36F9}.Release|ARM.Deploy.0 = Release|ARM
		{8584633E-D993-462F-959C-7C5DCFCF36F9}.Release|iPhone.ActiveCfg = Release|x86
		{8584633E-D993-462F-959C-7C5DCFCF36F9}.Release|iPhone.Build.0 = Release|x86
		{8584633E-D993-462F-959C-7C5DCFCF36F9}.Release|iPhone.Deploy.0 = Release|x86
		{8584633E-D993-462F-959C-7C5DCFCF36F9}.Release|iPhoneSimulator.ActiveCfg = Release|x86
		{8584633E-D993-462F-959C-7C5DCFCF36F9}.Release|iPhoneSimulator.Build.0 = Release|x86
		{8584633E-D993-462F-959C-7C5DCFCF36F9}.Release|iPhoneSimulator.Deploy.0 = Release|x86
		{8584633E-D993-462F-959C-7C5DCFCF36F9}.Release|x64.ActiveCfg = Release|x64
		{8584633E-D993-462F-959C-7C5DCFCF36F9}.Release|x64.Build.0 = Release|x64
		{8584633E-D993-462F-959C-7C5DCFCF36F9}.Release|x64.Deploy.0 = Release|x64
		{8584633E-D993-462F-959C-7C5DCFCF36F9}.Release|x86.ActiveCfg = Release|x86
		{8584633E-D993-462F-959C-7C5DCFCF36F9}.Release|x86.Build.0 = Release|x86
		{8584633E-D993-462F-959C-7C5DCFCF36F9}.Release|x86.Deploy.0 = Release|x86
		{EE80DA4F-937C-4C82-82F1-51F949809628}.Ad-Hoc|Any CPU.ActiveCfg = Debug|Any CPU
		{EE80DA4F-937C-4C82-82F1-51F949809628}.Ad-Hoc|Any CPU.Build.0 = Debug|Any CPU
		{EE80DA4F-937C-4C82-82F1-51F949809628}.Ad-Hoc|Any CPU.Deploy.0 = Debug|Any CPU
		{EE80DA4F-937C-4C82-82F1-51F949809628}.Ad-Hoc|ARM.ActiveCfg = Debug|Any CPU
		{EE80DA4F-937C-4C82-82F1-51F949809628}.Ad-Hoc|ARM.Build.0 = Debug|Any CPU
		{EE80DA4F-937C-4C82-82F1-51F949809628}.Ad-Hoc|ARM.Deploy.0 = Debug|Any CPU
		{EE80DA4F-937C-4C82-82F1-51F949809628}.Ad-Hoc|iPhone.ActiveCfg = Debug|Any CPU
		{EE80DA4F-937C-4C82-82F1-51F949809628}.Ad-Hoc|iPhone.Build.0 = Debug|Any CPU
		{EE80DA4F-937C-4C82-82F1-51F949809628}.Ad-Hoc|iPhone.Deploy.0 = Debug|Any CPU
		{EE80DA4F-937C-4C82-82F1-51F949809628}.Ad-Hoc|iPhoneSimulator.ActiveCfg = Debug|Any CPU
		{EE80DA4F-937C-4C82-82F1-51F949809628}.Ad-Hoc|iPhoneSimulator.Build.0 = Debug|Any CPU
		{EE80DA4F-937C-4C82-82F1-51F949809628}.Ad-Hoc|iPhoneSimulator.Deploy.0 = Debug|Any CPU
		{EE80DA4F-937C-4C82-82F1-51F949809628}.Ad-Hoc|x64.ActiveCfg = Debug|Any CPU
		{EE80DA4F-937C-4C82-82F1-51F949809628}.Ad-Hoc|x64.Build.0 = Debug|Any CPU
		{EE80DA4F-937C-4C82-82F1-51F949809628}.Ad-Hoc|x64.Deploy.0 = Debug|Any CPU
		{EE80DA4F-937C-4C82-82F1-51F949809628}.Ad-Hoc|x86.ActiveCfg = Debug|Any CPU
		{EE80DA4F-937C-4C82-82F1-51F949809628}.Ad-Hoc|x86.Build.0 = Debug|Any CPU
		{EE80DA4F-937C-4C82-82F1-51F949809628}.Ad-Hoc|x86.Deploy.0 = Debug|Any CPU
		{EE80DA4F-937C-4C82-82F1-51F949809628}.AppStore|Any CPU.ActiveCfg = Debug|Any CPU
		{EE80DA4F-937C-4C82-82F1-51F949809628}.AppStore|Any CPU.Build.0 = Debug|Any CPU
		{EE80DA4F-937C-4C82-82F1-51F949809628}.AppStore|Any CPU.Deploy.0 = Debug|Any CPU
		{EE80DA4F-937C-4C82-82F1-51F949809628}.AppStore|ARM.ActiveCfg = Debug|Any CPU
		{EE80DA4F-937C-4C82-82F1-51F949809628}.AppStore|ARM.Build.0 = Debug|Any CPU
		{EE80DA4F-937C-4C82-82F1-51F949809628}.AppStore|ARM.Deploy.0 = Debug|Any CPU
		{EE80DA4F-937C-4C82-82F1-51F949809628}.AppStore|iPhone.ActiveCfg = Debug|Any CPU
		{EE80DA4F-937C-4C82-82F1-51F949809628}.AppStore|iPhone.Build.0 = Debug|Any CPU
		{EE80DA4F-937C-4C82-82F1-51F949809628}.AppStore|iPhone.Deploy.0 = Debug|Any CPU
		{EE80DA4F-937C-4C82-82F1-51F949809628}.AppStore|iPhoneSimulator.ActiveCfg = Debug|Any CPU
		{EE80DA4F-937C-4C82-82F1-51F949809628}.AppStore|iPhoneSimulator.Build.0 = Debug|Any CPU
		{EE80DA4F-937C-4C82-82F1-51F949809628}.AppStore|iPhoneSimulator.Deploy.0 = Debug|Any CPU
		{EE80DA4F-937C-4C82-82F1-51F949809628}.AppStore|x64.ActiveCfg = Debug|Any CPU
		{EE80DA4F-937C-4C82-82F1-51F949809628}.AppStore|x64.Build.0 = Debug|Any CPU
		{EE80DA4F-937C-4C82-82F1-51F949809628}.AppStore|x64.Deploy.0 = Debug|Any CPU
		{EE80DA4F-937C-4C82-82F1-51F949809628}.AppStore|x86.ActiveCfg = Debug|Any CPU
		{EE80DA4F-937C-4C82-82F1-51F949809628}.AppStore|x86.Build.0 = Debug|Any CPU
		{EE80DA4F-937C-4C82-82F1-51F949809628}.AppStore|x86.Deploy.0 = Debug|Any CPU
		{EE80DA4F-937C-4C82-82F1-51F949809628}.Debug|Any CPU.ActiveCfg = Debug|Any CPU
		{EE80DA4F-937C-4C82-82F1-51F949809628}.Debug|Any CPU.Build.0 = Debug|Any CPU
		{EE80DA4F-937C-4C82-82F1-51F949809628}.Debug|Any CPU.Deploy.0 = Debug|Any CPU
		{EE80DA4F-937C-4C82-82F1-51F949809628}.Debug|ARM.ActiveCfg = Debug|Any CPU
		{EE80DA4F-937C-4C82-82F1-51F949809628}.Debug|ARM.Build.0 = Debug|Any CPU
		{EE80DA4F-937C-4C82-82F1-51F949809628}.Debug|ARM.Deploy.0 = Debug|Any CPU
		{EE80DA4F-937C-4C82-82F1-51F949809628}.Debug|iPhone.ActiveCfg = Debug|Any CPU
		{EE80DA4F-937C-4C82-82F1-51F949809628}.Debug|iPhone.Build.0 = Debug|Any CPU
		{EE80DA4F-937C-4C82-82F1-51F949809628}.Debug|iPhone.Deploy.0 = Debug|Any CPU
		{EE80DA4F-937C-4C82-82F1-51F949809628}.Debug|iPhoneSimulator.ActiveCfg = Debug|Any CPU
		{EE80DA4F-937C-4C82-82F1-51F949809628}.Debug|iPhoneSimulator.Build.0 = Debug|Any CPU
		{EE80DA4F-937C-4C82-82F1-51F949809628}.Debug|iPhoneSimulator.Deploy.0 = Debug|Any CPU
		{EE80DA4F-937C-4C82-82F1-51F949809628}.Debug|x64.ActiveCfg = Debug|Any CPU
		{EE80DA4F-937C-4C82-82F1-51F949809628}.Debug|x64.Build.0 = Debug|Any CPU
		{EE80DA4F-937C-4C82-82F1-51F949809628}.Debug|x64.Deploy.0 = Debug|Any CPU
		{EE80DA4F-937C-4C82-82F1-51F949809628}.Debug|x86.ActiveCfg = Debug|Any CPU
		{EE80DA4F-937C-4C82-82F1-51F949809628}.Debug|x86.Build.0 = Debug|Any CPU
		{EE80DA4F-937C-4C82-82F1-51F949809628}.Debug|x86.Deploy.0 = Debug|Any CPU
		{EE80DA4F-937C-4C82-82F1-51F949809628}.Release|Any CPU.ActiveCfg = Release|Any CPU
		{EE80DA4F-937C-4C82-82F1-51F949809628}.Release|Any CPU.Build.0 = Release|Any CPU
		{EE80DA4F-937C-4C82-82F1-51F949809628}.Release|Any CPU.Deploy.0 = Release|Any CPU
		{EE80DA4F-937C-4C82-82F1-51F949809628}.Release|ARM.ActiveCfg = Release|Any CPU
		{EE80DA4F-937C-4C82-82F1-51F949809628}.Release|ARM.Build.0 = Release|Any CPU
		{EE80DA4F-937C-4C82-82F1-51F949809628}.Release|ARM.Deploy.0 = Release|Any CPU
		{EE80DA4F-937C-4C82-82F1-51F949809628}.Release|iPhone.ActiveCfg = Release|Any CPU
		{EE80DA4F-937C-4C82-82F1-51F949809628}.Release|iPhone.Build.0 = Release|Any CPU
		{EE80DA4F-937C-4C82-82F1-51F949809628}.Release|iPhone.Deploy.0 = Release|Any CPU
		{EE80DA4F-937C-4C82-82F1-51F949809628}.Release|iPhoneSimulator.ActiveCfg = Release|Any CPU
		{EE80DA4F-937C-4C82-82F1-51F949809628}.Release|iPhoneSimulator.Build.0 = Release|Any CPU
		{EE80DA4F-937C-4C82-82F1-51F949809628}.Release|iPhoneSimulator.Deploy.0 = Release|Any CPU
		{EE80DA4F-937C-4C82-82F1-51F949809628}.Release|x64.ActiveCfg = Release|Any CPU
		{EE80DA4F-937C-4C82-82F1-51F949809628}.Release|x64.Build.0 = Release|Any CPU
		{EE80DA4F-937C-4C82-82F1-51F949809628}.Release|x64.Deploy.0 = Release|Any CPU
		{EE80DA4F-937C-4C82-82F1-51F949809628}.Release|x86.ActiveCfg = Release|Any CPU
		{EE80DA4F-937C-4C82-82F1-51F949809628}.Release|x86.Build.0 = Release|Any CPU
		{EE80DA4F-937C-4C82-82F1-51F949809628}.Release|x86.Deploy.0 = Release|Any CPU
	EndGlobalSection
	GlobalSection(SolutionProperties) = preSolution
		HideSolutionNode = FALSE
	EndGlobalSection
	GlobalSection(ExtensibilityGlobals) = postSolution
		SolutionGuid = {C352692E-3282-4069-8FA1-E7A10379DCD7}
	EndGlobalSection
EndGlobal
